
Microsoft Visual Studio Solution File, Format Version 12.00
# Visual Studio 14
VisualStudioVersion = 14.0.23107.0
MinimumVisualStudioVersion = 10.0.40219.1
Project("{FAE04EC0-301F-11D3-BF4B-00C04F79EFBC}") = "Web.CM", "Web.CM\Web.CM.csproj", "{CCBD5EC3-938B-4DF4-B9A5-3BB608DF5128}"
EndProject
Global
	GlobalSection(SolutionConfigurationPlatforms) = preSolution
		Debug|Any CPU = Debug|Any CPU
		Release|Any CPU = Release|Any CPU
	EndGlobalSection
	GlobalSection(ProjectConfigurationPlatforms) = postSolution
		{CCBD5EC3-938B-4DF4-B9A5-3BB608DF5128}.Debug|Any CPU.ActiveCfg = Debug|Any CPU
		{CCBD5EC3-938B-4DF4-B9A5-3BB608DF5128}.Debug|Any CPU.Build.0 = Debug|Any CPU
		{CCBD5EC3-938B-4DF4-B9A5-3BB608DF5128}.Release|Any CPU.ActiveCfg = Release|Any CPU
		{CCBD5EC3-938B-4DF4-B9A5-3BB608DF5128}.Release|Any CPU.Build.0 = Release|Any CPU
	EndGlobalSection
	GlobalSection(SolutionProperties) = preSolution
		HideSolutionNode = FALSE
	EndGlobalSection
EndGlobal
